
Microsoft Visual Studio Solution File, Format Version 12.00
# Visual Studio Version 17
VisualStudioVersion = 17.11.35327.3
MinimumVisualStudioVersion = 10.0.40219.1
Project("{FAE04EC0-301F-11D3-BF4B-00C04F79EFBC}") = "DemoExam", "DemoExam.csproj", "{1D99B77C-E53C-42F7-9BF3-0F42E51BFB85}"
EndProject
Global
	GlobalSection(SolutionConfigurationPlatforms) = preSolution
		Debug|Any CPU = Debug|Any CPU
		Release|Any CPU = Release|Any CPU
	EndGlobalSection
	GlobalSection(ProjectConfigurationPlatforms) = postSolution
		{1D99B77C-E53C-42F7-9BF3-0F42E51BFB85}.Debug|Any CPU.ActiveCfg = Debug|Any CPU
		{1D99B77C-E53C-42F7-9BF3-0F42E51BFB85}.Debug|Any CPU.Build.0 = Debug|Any CPU
		{1D99B77C-E53C-42F7-9BF3-0F42E51BFB85}.Release|Any CPU.ActiveCfg = Release|Any CPU
		{1D99B77C-E53C-42F7-9BF3-0F42E51BFB85}.Release|Any CPU.Build.0 = Release|Any CPU
	EndGlobalSection
	GlobalSection(SolutionProperties) = preSolution
		HideSolutionNode = FALSE
	EndGlobalSection
	GlobalSection(ExtensibilityGlobals) = postSolution
		SolutionGuid = {330F0048-5501-4210-B3FB-3E00DEA009C1}
	EndGlobalSection
EndGlobal
